
Microsoft Visual Studio Solution File, Format Version 12.00
# Visual Studio Version 16
VisualStudioVersion = 25.0.1706.6
MinimumVisualStudioVersion = 10.0.40219.1
Project("{FAE04EC0-301F-11D3-BF4B-00C04F79EFBC}") = "EmployeeApp.API", "EmployeeApp.API\EmployeeApp.API.csproj", "{8D6B9723-8D7F-4D45-B81A-74F48D56046B}"
EndProject
Project("{FAE04EC0-301F-11D3-BF4B-00C04F79EFBC}") = "EmployeeApp.SAL", "EmployeeApp.SAL\EmployeeApp.SAL.csproj", "{C70DFE47-BC56-4551-A2EA-4FCA00F859B1}"
EndProject
Project("{FAE04EC0-301F-11D3-BF4B-00C04F79EFBC}") = "EmployeeApp.DAL", "EmployeeApp.DAL\EmployeeApp.DAL.csproj", "{95AD1685-5DBB-4F74-84E9-DB1E7AA78826}"
EndProject
Project("{FAE04EC0-301F-11D3-BF4B-00C04F79EFBC}") = "EmployeeApp.Common", "EmployeeApp.Common\EmployeeApp.Common.csproj", "{D85F9B64-5EB8-48B3-BE5B-3CC1F85E89FC}"
EndProject
Global
	GlobalSection(SolutionConfigurationPlatforms) = preSolution
		Debug|Any CPU = Debug|Any CPU
		Release|Any CPU = Release|Any CPU
	EndGlobalSection
	GlobalSection(ProjectConfigurationPlatforms) = postSolution
		{8D6B9723-8D7F-4D45-B81A-74F48D56046B}.Debug|Any CPU.ActiveCfg = Debug|Any CPU
		{8D6B9723-8D7F-4D45-B81A-74F48D56046B}.Debug|Any CPU.Build.0 = Debug|Any CPU
		{8D6B9723-8D7F-4D45-B81A-74F48D56046B}.Release|Any CPU.ActiveCfg = Release|Any CPU
		{8D6B9723-8D7F-4D45-B81A-74F48D56046B}.Release|Any CPU.Build.0 = Release|Any CPU
		{C70DFE47-BC56-4551-A2EA-4FCA00F859B1}.Debug|Any CPU.ActiveCfg = Debug|Any CPU
		{C70DFE47-BC56-4551-A2EA-4FCA00F859B1}.Debug|Any CPU.Build.0 = Debug|Any CPU
		{C70DFE47-BC56-4551-A2EA-4FCA00F859B1}.Release|Any CPU.ActiveCfg = Release|Any CPU
		{C70DFE47-BC56-4551-A2EA-4FCA00F859B1}.Release|Any CPU.Build.0 = Release|Any CPU
		{95AD1685-5DBB-4F74-84E9-DB1E7AA78826}.Debug|Any CPU.ActiveCfg = Debug|Any CPU
		{95AD1685-5DBB-4F74-84E9-DB1E7AA78826}.Debug|Any CPU.Build.0 = Debug|Any CPU
		{95AD1685-5DBB-4F74-84E9-DB1E7AA78826}.Release|Any CPU.ActiveCfg = Release|Any CPU
		{95AD1685-5DBB-4F74-84E9-DB1E7AA78826}.Release|Any CPU.Build.0 = Release|Any CPU
		{D85F9B64-5EB8-48B3-BE5B-3CC1F85E89FC}.Debug|Any CPU.ActiveCfg = Debug|Any CPU
		{D85F9B64-5EB8-48B3-BE5B-3CC1F85E89FC}.Debug|Any CPU.Build.0 = Debug|Any CPU
		{D85F9B64-5EB8-48B3-BE5B-3CC1F85E89FC}.Release|Any CPU.ActiveCfg = Release|Any CPU
		{D85F9B64-5EB8-48B3-BE5B-3CC1F85E89FC}.Release|Any CPU.Build.0 = Release|Any CPU
	EndGlobalSection
	GlobalSection(SolutionProperties) = preSolution
		HideSolutionNode = FALSE
	EndGlobalSection
	GlobalSection(ExtensibilityGlobals) = postSolution
		SolutionGuid = {210A1A2B-18B5-40B7-A89F-80C697AF62FB}
	EndGlobalSection
EndGlobal
